
Microsoft Visual Studio Solution File, Format Version 12.00
# Visual Studio Version 16
VisualStudioVersion = 16.0.30114.105
MinimumVisualStudioVersion = 10.0.40219.1
Project("{FAE04EC0-301F-11D3-BF4B-00C04F79EFBC}") = "ObjectTK.Data", "ObjectTK.Data\ObjectTK.Data.csproj", "{163450BD-24E0-4C3E-A310-3AEBD709E065}"
EndProject
Project("{FAE04EC0-301F-11D3-BF4B-00C04F79EFBC}") = "ObjectTK.Tools", "ObjectTK.Tools\ObjectTK.Tools.csproj", "{B5DCB84E-3E09-4F37-B06E-68565756624F}"
EndProject
Global
	GlobalSection(SolutionConfigurationPlatforms) = preSolution
		Debug|Any CPU = Debug|Any CPU
		Release|Any CPU = Release|Any CPU
	EndGlobalSection
	GlobalSection(ProjectConfigurationPlatforms) = postSolution
		{163450BD-24E0-4C3E-A310-3AEBD709E065}.Debug|Any CPU.ActiveCfg = Debug|Any CPU
		{163450BD-24E0-4C3E-A310-3AEBD709E065}.Debug|Any CPU.Build.0 = Debug|Any CPU
		{163450BD-24E0-4C3E-A310-3AEBD709E065}.Release|Any CPU.ActiveCfg = Release|Any CPU
		{163450BD-24E0-4C3E-A310-3AEBD709E065}.Release|Any CPU.Build.0 = Release|Any CPU
		{B5DCB84E-3E09-4F37-B06E-68565756624F}.Debug|Any CPU.ActiveCfg = Debug|Any CPU
		{B5DCB84E-3E09-4F37-B06E-68565756624F}.Debug|Any CPU.Build.0 = Debug|Any CPU
		{B5DCB84E-3E09-4F37-B06E-68565756624F}.Release|Any CPU.ActiveCfg = Release|Any CPU
		{B5DCB84E-3E09-4F37-B06E-68565756624F}.Release|Any CPU.Build.0 = Release|Any CPU
	EndGlobalSection
	GlobalSection(SolutionProperties) = preSolution
		HideSolutionNode = FALSE
	EndGlobalSection
	GlobalSection(ExtensibilityGlobals) = postSolution
		SolutionGuid = {ED1B1358-95C3-48DA-BF83-8A320A20B918}
	EndGlobalSection
EndGlobal
